DEPENDENCIES
  vm
    path: .
    metadata: true

GRAPH
  ark (4.0.0)
    build-essential (>= 0.0.0)
    seven_zip (>= 0.0.0)
  build-essential (8.2.1)
    mingw (>= 1.1)
    seven_zip (>= 0.0.0)
  homebrew (5.0.8)
  java (4.3.0)
    homebrew (>= 0.0.0)
    windows (>= 0.0.0)
  mingw (2.1.0)
    seven_zip (>= 0.0.0)
  seven_zip (3.1.1)
    windows (>= 0.0.0)
  vm (0.1.0)
    ark (= 4.0.0)
    java (= 4.3.0)
  windows (6.0.0)